
Microsoft Visual Studio Solution File, Format Version 12.00
# Visual Studio Version 17
VisualStudioVersion = 17.14.36518.9 d17.14
MinimumVisualStudioVersion = 10.0.40219.1
Project("{FAE04EC0-301F-11D3-BF4B-00C04F79EFBC}") = "TRUONGVANQUOCPHONG_1150080153_BTtuan9", "TRUONGVANQUOCPHONG_1150080153_BTtuan9.csproj", "{65E1985E-716E-4843-A725-0B4A303CA62D}"
EndProject
Global
	GlobalSection(SolutionConfigurationPlatforms) = preSolution
		Debug|Any CPU = Debug|Any CPU
		Release|Any CPU = Release|Any CPU
	EndGlobalSection
	GlobalSection(ProjectConfigurationPlatforms) = postSolution
		{65E1985E-716E-4843-A725-0B4A303CA62D}.Debug|Any CPU.ActiveCfg = Debug|Any CPU
		{65E1985E-716E-4843-A725-0B4A303CA62D}.Debug|Any CPU.Build.0 = Debug|Any CPU
		{65E1985E-716E-4843-A725-0B4A303CA62D}.Release|Any CPU.ActiveCfg = Release|Any CPU
		{65E1985E-716E-4843-A725-0B4A303CA62D}.Release|Any CPU.Build.0 = Release|Any CPU
	EndGlobalSection
	GlobalSection(SolutionProperties) = preSolution
		HideSolutionNode = FALSE
	EndGlobalSection
	GlobalSection(ExtensibilityGlobals) = postSolution
		SolutionGuid = {F545DC22-9492-4C19-8260-8DF94BCC1A49}
	EndGlobalSection
EndGlobal
